
Microsoft Visual Studio Solution File, Format Version 12.00
# Visual Studio Express 2012 for Windows Desktop
Project("{FAE04EC0-301F-11D3-BF4B-00C04F79EFBC}") = "MultiProcessMain", "MultiProcessMain\MultiProcessMain.csproj", "{F80D0B33-5064-4FAF-B32F-C463514B7C2B}"
	ProjectSection(ProjectDependencies) = postProject
		{6F5E40FD-6F66-441E-B5CA-F63282B621D8} = {6F5E40FD-6F66-441E-B5CA-F63282B621D8}
	EndProjectSection
EndProject
Project("{FAE04EC0-301F-11D3-BF4B-00C04F79EFBC}") = "MultiProcessKinect", "MultiProcessKinect\MultiProcessKinect.csproj", "{6F5E40FD-6F66-441E-B5CA-F63282B621D8}"
EndProject
Global
	GlobalSection(SolutionConfigurationPlatforms) = preSolution
		Debug|Any CPU = Debug|Any CPU
		Release|Any CPU = Release|Any CPU
	EndGlobalSection
	GlobalSection(ProjectConfigurationPlatforms) = postSolution
		{F80D0B33-5064-4FAF-B32F-C463514B7C2B}.Debug|Any CPU.ActiveCfg = Debug|Any CPU
		{F80D0B33-5064-4FAF-B32F-C463514B7C2B}.Debug|Any CPU.Build.0 = Debug|Any CPU
		{F80D0B33-5064-4FAF-B32F-C463514B7C2B}.Release|Any CPU.ActiveCfg = Release|Any CPU
		{F80D0B33-5064-4FAF-B32F-C463514B7C2B}.Release|Any CPU.Build.0 = Release|Any CPU
		{6F5E40FD-6F66-441E-B5CA-F63282B621D8}.Debug|Any CPU.ActiveCfg = Debug|Any CPU
		{6F5E40FD-6F66-441E-B5CA-F63282B621D8}.Debug|Any CPU.Build.0 = Debug|Any CPU
		{6F5E40FD-6F66-441E-B5CA-F63282B621D8}.Release|Any CPU.ActiveCfg = Release|Any CPU
		{6F5E40FD-6F66-441E-B5CA-F63282B621D8}.Release|Any CPU.Build.0 = Release|Any CPU
	EndGlobalSection
	GlobalSection(SolutionProperties) = preSolution
		HideSolutionNode = FALSE
	EndGlobalSection
EndGlobal
